<?xml version="1.0" encoding="utf-8"?>
<Project ToolsVersion="4.0" xmlns="http://schemas.microsoft.com/developer/msbuild/2003">
  <ItemGroup>
    <Filter Include="Source Files">
      <UniqueIdentifier>{c24086d4-8dcd-4b2f-aafe-e9b1da9d3506}</UniqueIdentifier>
      <Extensions>cpp;c;cxx;rc;def;r;odl;idl;hpj;bat</Extensions>
    </Filter>
    <Filter Include="Header Files">
      <UniqueIdentifier>{e9b1f88f-141e-4767-a403-cac008a46a0c}</UniqueIdentifier>
      <Extensions>h;hpp;hxx;hm;inl</Extensions>
    </Filter>
    <Filter Include="Resource Files">
      <UniqueIdentifier>{53adc271-ccbb-4400-96b0-04c357bac28a}</UniqueIdentifier>
      <Extensions>ico;cur;bmp;dlg;rc2;rct;bin;rgs;gif;jpg;jpeg;jpe</Extensions>
    </Filter>
  </ItemGroup>
  <ItemGroup>
    <ClCompile Include="ApiInfo.cpp">
      <Filter>Source Files</Filter>
    </ClCompile>
    <ClCompile Include="HookAPI.cpp">
      <Filter>Source Files</Filter>
    </ClCompile>
    <ClCompile Include="injlib.cpp">
      <Filter>Source Files</Filter>
    </ClCompile>
    <ClCompile Include="main.cpp">
      <Filter>Source Files</Filter>
    </ClCompile>
    <ClCompile Include="ProcessModule.cpp">
      <Filter>Source Files</Filter>
    </ClCompile>
    <ClCompile Include="ProcessToHook.cpp">
      <Filter>Source Files</Filter>
    </ClCompile>
    <ClCompile Include="Ring0.cpp">
      <Filter>Source Files</Filter>
    </ClCompile>
    <ClCompile Include="util.cpp">
      <Filter>Source Files</Filter>
    </ClCompile>
  </ItemGroup>
  <ItemGroup>
    <None Include="HookAPI.def">
      <Filter>Source Files</Filter>
    </None>
  </ItemGroup>
  <ItemGroup>
    <ClInclude Include="ApiInfo.h">
      <Filter>Header Files</Filter>
    </ClInclude>
    <ClInclude Include="HookAPI.h">
      <Filter>Header Files</Filter>
    </ClInclude>
    <ClInclude Include="injlib.h">
      <Filter>Header Files</Filter>
    </ClInclude>
    <ClInclude Include="mydll.h">
      <Filter>Header Files</Filter>
    </ClInclude>
    <ClInclude Include="ProcessModule.h">
      <Filter>Header Files</Filter>
    </ClInclude>
    <ClInclude Include="ProcessToHook.h">
      <Filter>Header Files</Filter>
    </ClInclude>
    <ClInclude Include="Ring0.h">
      <Filter>Header Files</Filter>
    </ClInclude>
    <ClInclude Include="trans_kr.h">
      <Filter>Header Files</Filter>
    </ClInclude>
    <ClInclude Include="util.h">
      <Filter>Header Files</Filter>
    </ClInclude>
  </ItemGroup>
  <ItemGroup>
    <Text Include="錦맣휑羚.txt" />
  </ItemGroup>
</Project>